// !$*UTF8*$!
{
	archiveVersion = 1;
	classes = {
	};
	objectVersion = 55;
	objects = {

/* Begin PBXBuildFile section */
		04097A1827AAB0D6007085D7 /* AppDelegate.swift in Sources */ = {isa = PBXBuildFile; fileRef = 04097A1727AAB0D6007085D7 /* AppDelegate.swift */; };
		04097A1A27AAB0D6007085D7 /* SceneDelegate.swift in Sources */ = {isa = PBXBuildFile; fileRef = 04097A1927AAB0D6007085D7 /* SceneDelegate.swift */; };
		04097A1C27AAB0D6007085D7 /* ViewController.swift in Sources */ = {isa = PBXBuildFile; fileRef = 04097A1B27AAB0D6007085D7 /* ViewController.swift */; };
		04097A1F27AAB0D6007085D7 /* Main.storyboard in Resources */ = {isa = PBXBuildFile; fileRef = 04097A1D27AAB0D6007085D7 /* Main.storyboard */; };
		04097A2127AAB0D9007085D7 /* Assets.xcassets in Resources */ = {isa = PBXBuildFile; fileRef = 04097A2027AAB0D9007085D7 /* Assets.xcassets */; };
		04097A2427AAB0D9007085D7 /* LaunchScreen.storyboard in Resources */ = {isa = PBXBuildFile; fileRef = 04097A2227AAB0D9007085D7 /* LaunchScreen.storyboard */; };
		04097A2F27AAB0DA007085D7 /* pokedexTests.swift in Sources */ = {isa = PBXBuildFile; fileRef = 04097A2E27AAB0DA007085D7 /* pokedexTests.swift */; };
		04097A3927AAB0DA007085D7 /* pokedexUITests.swift in Sources */ = {isa = PBXBuildFile; fileRef = 04097A3827AAB0DA007085D7 /* pokedexUITests.swift */; };
		04097A3B27AAB0DA007085D7 /* pokedexUITestsLaunchTests.swift in Sources */ = {isa = PBXBuildFile; fileRef = 04097A3A27AAB0DA007085D7 /* pokedexUITestsLaunchTests.swift */; };
/* End PBXBuildFile section */

/* Begin PBXContainerItemProxy section */
		04097A2B27AAB0DA007085D7 /* PBXContainerItemProxy */ = {
			isa = PBXContainerItemProxy;
			containerPortal = 04097A0C27AAB0D6007085D7 /* Project object */;
			proxyType = 1;
			remoteGlobalIDString = 04097A1327AAB0D6007085D7;
			remoteInfo = pokedex;
		};
		04097A3527AAB0DA007085D7 /* PBXContainerItemProxy */ = {
			isa = PBXContainerItemProxy;
			containerPortal = 04097A0C27AAB0D6007085D7 /* Project object */;
			proxyType = 1;
			remoteGlobalIDString = 04097A1327AAB0D6007085D7;
			remoteInfo = pokedex;
		};
/* End PBXContainerItemProxy section */

/* Begin PBXFileReference section */
		04097A1427AAB0D6007085D7 /* pokedex.app */ = {isa = PBXFileReference; explicitFileType = wrapper.application; includeInIndex = 0; path = pokedex.app; sourceTree = BUILT_PRODUCTS_DIR; };
		04097A1727AAB0D6007085D7 /* AppDelegate.swift */ = {isa = PBXFileReference; lastKnownFileType = sourcecode.swift; path = AppDelegate.swift; sourceTree = "<group>"; };
		04097A1927AAB0D6007085D7 /* SceneDelegate.swift */ = {isa = PBXFileReference; lastKnownFileType = sourcecode.swift; path = SceneDelegate.swift; sourceTree = "<group>"; };
		04097A1B27AAB0D6007085D7 /* ViewController.swift */ = {isa = PBXFileReference; lastKnownFileType = sourcecode.swift; path = ViewController.swift; sourceTree = "<group>"; };
		04097A1E27AAB0D6007085D7 /* Base */ = {isa = PBXFileReference; lastKnownFileType = file.storyboard; name = Base; path = Base.lproj/Main.storyboard; sourceTree = "<group>"; };
		04097A2027AAB0D9007085D7 /* Assets.xcassets */ = {isa = PBXFileReference; lastKnownFileType = folder.assetcatalog; path = Assets.xcassets; sourceTree = "<group>"; };
		04097A2327AAB0D9007085D7 /* Base */ = {isa = PBXFileReference; lastKnownFileType = file.storyboard; name = Base; path = Base.lproj/LaunchScreen.storyboard; sourceTree = "<group>"; };
		04097A2527AAB0D9007085D7 /* Info.plist */ = {isa = PBXFileReference; lastKnownFileType = text.plist.xml; path = Info.plist; sourceTree = "<group>"; };
		04097A2A27AAB0DA007085D7 /* pokedexTests.xctest */ = {isa = PBXFileReference; explicitFileType = wrapper.cfbundle; includeInIndex = 0; path = pokedexTests.xctest; sourceTree = BUILT_PRODUCTS_DIR; };
		04097A2E27AAB0DA007085D7 /* pokedexTests.swift */ = {isa = PBXFileReference; lastKnownFileType = sourcecode.swift; path = pokedexTests.swift; sourceTree = "<group>"; };
		04097A3427AAB0DA007085D7 /* pokedexUITests.xctest */ = {isa = PBXFileReference; explicitFileType = wrapper.cfbundle; includeInIndex = 0; path = pokedexUITests.xctest; sourceTree = BUILT_PRODUCTS_DIR; };
		04097A3827AAB0DA007085D7 /* pokedexUITests.swift */ = {isa = PBXFileReference; lastKnownFileType = sourcecode.swift; path = pokedexUITests.swift; sourceTree = "<group>"; };
		04097A3A27AAB0DA007085D7 /* pokedexUITestsLaunchTests.swift */ = {isa = PBXFileReference; lastKnownFileType = sourcecode.swift; path = pokedexUITestsLaunchTests.swift; sourceTree = "<group>"; };
/* End PBXFileReference section */

/* Begin PBXFrameworksBuildPhase section */
		04097A1127AAB0D6007085D7 /* Frameworks */ = {
			isa = PBXFrameworksBuildPhase;
			buildActionMask = 2147483647;
			files = (
			);
			runOnlyForDeploymentPostprocessing = 0;
		};
		04097A2727AAB0DA007085D7 /* Frameworks */ = {
			isa = PBXFrameworksBuildPhase;
			buildActionMask = 2147483647;
			files = (
			);
			runOnlyForDeploymentPostprocessing = 0;
		};
		04097A3127AAB0DA007085D7 /* Frameworks */ = {
			isa = PBXFrameworksBuildPhase;
			buildActionMask = 2147483647;
			files = (
			);
			runOnlyForDeploymentPostprocessing = 0;
		};
/* End PBXFrameworksBuildPhase section */

/* Begin PBXGroup section */
		04097A0B27AAB0D6007085D7 = {
			isa = PBXGroup;
			children = (
				04097A1627AAB0D6007085D7 /* pokedex */,
				04097A2D27AAB0DA007085D7 /* pokedexTests */,
				04097A3727AAB0DA007085D7 /* pokedexUITests */,
				04097A1527AAB0D6007085D7 /* Products */,
			);
			sourceTree = "<group>";
		};
		04097A1527AAB0D6007085D7 /* Products */ = {
			isa = PBXGroup;
			children = (
				04097A1427AAB0D6007085D7 /* pokedex.app */,
				04097A2A27AAB0DA007085D7 /* pokedexTests.xctest */,
				04097A3427AAB0DA007085D7 /* pokedexUITests.xctest */,
			);
			name = Products;
			sourceTree = "<group>";
		};
		04097A1627AAB0D6007085D7 /* pokedex */ = {
			isa = PBXGroup;
			children = (
				04097A1727AAB0D6007085D7 /* AppDelegate.swift */,
				04097A1927AAB0D6007085D7 /* SceneDelegate.swift */,
				04097A1B27AAB0D6007085D7 /* ViewController.swift */,
				04097A1D27AAB0D6007085D7 /* Main.storyboard */,
				04097A2027AAB0D9007085D7 /* Assets.xcassets */,
				04097A2227AAB0D9007085D7 /* LaunchScreen.storyboard */,
				04097A2527AAB0D9007085D7 /* Info.plist */,
			);
			path = pokedex;
			sourceTree = "<group>";
		};
		04097A2D27AAB0DA007085D7 /* pokedexTests */ = {
			isa = PBXGroup;
			children = (
				04097A2E27AAB0DA007085D7 /* pokedexTests.swift */,
			);
			path = pokedexTests;
			sourceTree = "<group>";
		};
		04097A3727AAB0DA007085D7 /* pokedexUITests */ = {
			isa = PBXGroup;
			children = (
				04097A3827AAB0DA007085D7 /* pokedexUITests.swift */,
				04097A3A27AAB0DA007085D7 /* pokedexUITestsLaunchTests.swift */,
			);
			path = pokedexUITests;
			sourceTree = "<group>";
		};
/* End PBXGroup section */

/* Begin PBXNativeTarget section */
		04097A1327AAB0D6007085D7 /* pokedex */ = {
			isa = PBXNativeTarget;
			buildConfigurationList = 04097A3E27AAB0DA007085D7 /* Build configuration list for PBXNativeTarget "pokedex" */;
			buildPhases = (
				04097A1027AAB0D6007085D7 /* Sources */,
				04097A1127AAB0D6007085D7 /* Frameworks */,
				04097A1227AAB0D6007085D7 /* Resources */,
			);
			buildRules = (
			);
			dependencies = (
			);
			name = pokedex;
			productName = pokedex;
			productReference = 04097A1427AAB0D6007085D7 /* pokedex.app */;
			productType = "com.apple.product-type.application";
		};
		04097A2927AAB0DA007085D7 /* pokedexTests */ = {
			isa = PBXNativeTarget;
			buildConfigurationList = 04097A4127AAB0DA007085D7 /* Build configuration list for PBXNativeTarget "pokedexTests" */;
			buildPhases = (
				04097A2627AAB0DA007085D7 /* Sources */,
				04097A2727AAB0DA007085D7 /* Frameworks */,
				04097A2827AAB0DA007085D7 /* Resources */,
			);
			buildRules = (
			);
			dependencies = (
				04097A2C27AAB0DA007085D7 /* PBXTargetDependency */,
			);
			name = pokedexTests;
			productName = pokedexTests;
			productReference = 04097A2A27AAB0DA007085D7 /* pokedexTests.xctest */;
			productType = "com.apple.product-type.bundle.unit-test";
		};
		04097A3327AAB0DA007085D7 /* pokedexUITests */ = {
			isa = PBXNativeTarget;
			buildConfigurationList = 04097A4427AAB0DA007085D7 /* Build configuration list for PBXNativeTarget "pokedexUITests" */;
			buildPhases = (
				04097A3027AAB0DA007085D7 /* Sources */,
				04097A3127AAB0DA007085D7 /* Frameworks */,
				04097A3227AAB0DA007085D7 /* Resources */,
			);
			buildRules = (
			);
			dependencies = (
				04097A3627AAB0DA007085D7 /* PBXTargetDependency */,
			);
			name = pokedexUITests;
			productName = pokedexUITests;
			productReference = 04097A3427AAB0DA007085D7 /* pokedexUITests.xctest */;
			productType = "com.apple.product-type.bundle.ui-testing";
		};
/* End PBXNativeTarget section */

/* Begin PBXProject section */
		04097A0C27AAB0D6007085D7 /* Project object */ = {
			isa = PBXProject;
			attributes = {
				BuildIndependentTargetsInParallel = 1;
				LastSwiftUpdateCheck = 1320;
				LastUpgradeCheck = 1320;
				TargetAttributes = {
					04097A1327AAB0D6007085D7 = {
						CreatedOnToolsVersion = 13.2;
					};
					04097A2927AAB0DA007085D7 = {
						CreatedOnToolsVersion = 13.2;
						TestTargetID = 04097A1327AAB0D6007085D7;
					};
					04097A3327AAB0DA007085D7 = {
						CreatedOnToolsVersion = 13.2;
						TestTargetID = 04097A1327AAB0D6007085D7;
					};
				};
			};
			buildConfigurationList = 04097A0F27AAB0D6007085D7 /* Build configuration list for PBXProject "pokedex" */;
			compatibilityVersion = "Xcode 13.0";
			developmentRegion = en;
			hasScannedForEncodings = 0;
			knownRegions = (
				en,
				Base,
			);
			mainGroup = 04097A0B27AAB0D6007085D7;
			productRefGroup = 04097A1527AAB0D6007085D7 /* Products */;
			projectDirPath = "";
			projectRoot = "";
			targets = (
				04097A1327AAB0D6007085D7 /* pokedex */,
				04097A2927AAB0DA007085D7 /* pokedexTests */,
				04097A3327AAB0DA007085D7 /* pokedexUITests */,
			);
		};
/* End PBXProject section */

/* Begin PBXResourcesBuildPhase section */
		04097A1227AAB0D6007085D7 /* Resources */ = {
			isa = PBXResourcesBuildPhase;
			buildActionMask = 2147483647;
			files = (
				04097A2427AAB0D9007085D7 /* LaunchScreen.storyboard in Resources */,
				04097A2127AAB0D9007085D7 /* Assets.xcassets in Resources */,
				04097A1F27AAB0D6007085D7 /* Main.storyboard in Resources */,
			);
			runOnlyForDeploymentPostprocessing = 0;
		};
		04097A2827AAB0DA007085D7 /* Resources */ = {
			isa = PBXResourcesBuildPhase;
			buildActionMask = 2147483647;
			files = (
			);
			runOnlyForDeploymentPostprocessing = 0;
		};
		04097A3227AAB0DA007085D7 /* Resources */ = {
			isa = PBXResourcesBuildPhase;
			buildActionMask = 2147483647;
			files = (
			);
			runOnlyForDeploymentPostprocessing = 0;
		};
/* End PBXResourcesBuildPhase section */

/* Begin PBXSourcesBuildPhase section */
		04097A1027AAB0D6007085D7 /* Sources */ = {
			isa = PBXSourcesBuildPhase;
			buildActionMask = 2147483647;
			files = (
				04097A1C27AAB0D6007085D7 /* ViewController.swift in Sources */,
				04097A1827AAB0D6007085D7 /* AppDelegate.swift in Sources */,
				04097A1A27AAB0D6007085D7 /* SceneDelegate.swift in Sources */,
			);
			runOnlyForDeploymentPostprocessing = 0;
		};
		04097A2627AAB0DA007085D7 /* Sources */ = {
			isa = PBXSourcesBuildPhase;
			buildActionMask = 2147483647;
			files = (
				04097A2F27AAB0DA007085D7 /* pokedexTests.swift in Sources */,
			);
			runOnlyForDeploymentPostprocessing = 0;
		};
		04097A3027AAB0DA007085D7 /* Sources */ = {
			isa = PBXSourcesBuildPhase;
			buildActionMask = 2147483647;
			files = (
				04097A3927AAB0DA007085D7 /* pokedexUITests.swift in Sources */,
				04097A3B27AAB0DA007085D7 /* pokedexUITestsLaunchTests.swift in Sources */,
			);
			runOnlyForDeploymentPostprocessing = 0;
		};
/* End PBXSourcesBuildPhase section */

/* Begin PBXTargetDependency section */
		04097A2C27AAB0DA007085D7 /* PBXTargetDependency */ = {
			isa = PBXTargetDependency;
			target = 04097A1327AAB0D6007085D7 /* pokedex */;
			targetProxy = 04097A2B27AAB0DA007085D7 /* PBXContainerItemProxy */;
		};
		04097A3627AAB0DA007085D7 /* PBXTargetDependency */ = {
			isa = PBXTargetDependency;
			target = 04097A1327AAB0D6007085D7 /* pokedex */;
			targetProxy = 04097A3527AAB0DA007085D7 /* PBXContainerItemProxy */;
		};
/* End PBXTargetDependency section */

/* Begin PBXVariantGroup section */
		04097A1D27AAB0D6007085D7 /* Main.storyboard */ = {
			isa = PBXVariantGroup;
			children = (
				04097A1E27AAB0D6007085D7 /* Base */,
			);
			name = Main.storyboard;
			sourceTree = "<group>";
		};
		04097A2227AAB0D9007085D7 /* LaunchScreen.storyboard */ = {
			isa = PBXVariantGroup;
			children = (
				04097A2327AAB0D9007085D7 /* Base */,
			);
			name = LaunchScreen.storyboard;
			sourceTree = "<group>";
		};
/* End PBXVariantGroup section */

/* Begin XCBuildConfiguration section */
		04097A3C27AAB0DA007085D7 /* Debug */ = {
			isa = XCBuildConfiguration;
			buildSettings = {
				ALWAYS_SEARCH_USER_PATHS = NO;
				CLANG_ANALYZER_NONNULL = YES;
				CLANG_ANALYZER_NUMBER_OBJECT_CONVERSION = YES_AGGRESSIVE;
				CLANG_CXX_LANGUAGE_STANDARD = "gnu++17";
				CLANG_CXX_LIBRARY = "libc++";
				CLANG_ENABLE_MODULES = YES;
				CLANG_ENABLE_OBJC_ARC = YES;
				CLANG_ENABLE_OBJC_WEAK = YES;
				CLANG_WARN_BLOCK_CAPTURE_AUTORELEASING = YES;
				CLANG_WARN_BOOL_CONVERSION = YES;
				CLANG_WARN_COMMA = YES;
				CLANG_WARN_CONSTANT_CONVERSION = YES;
				CLANG_WARN_DEPRECATED_OBJC_IMPLEMENTATIONS = YES;
				CLANG_WARN_DIRECT_OBJC_ISA_USAGE = YES_ERROR;
				CLANG_WARN_DOCUMENTATION_COMMENTS = YES;
				CLANG_WARN_EMPTY_BODY = YES;
				CLANG_WARN_ENUM_CONVERSION = YES;
				CLANG_WARN_INFINITE_RECURSION = YES;
				CLANG_WARN_INT_CONVERSION = YES;
				CLANG_WARN_NON_LITERAL_NULL_CONVERSION = YES;
				CLANG_WARN_OBJC_IMPLICIT_RETAIN_SELF = YES;
				CLANG_WARN_OBJC_LITERAL_CONVERSION = YES;
				CLANG_WARN_OBJC_ROOT_CLASS = YES_ERROR;
				CLANG_WARN_QUOTED_INCLUDE_IN_FRAMEWORK_HEADER = YES;
				CLANG_WARN_RANGE_LOOP_ANALYSIS = YES;
				CLANG_WARN_STRICT_PROTOTYPES = YES;
				CLANG_WARN_SUSPICIOUS_MOVE = YES;
				CLANG_WARN_UNGUARDED_AVAILABILITY = YES_AGGRESSIVE;
				CLANG_WARN_UNREACHABLE_CODE = YES;
				CLANG_WARN__DUPLICATE_METHOD_MATCH = YES;
				COPY_PHASE_STRIP = NO;
				DEBUG_INFORMATION_FORMAT = dwarf;
				ENABLE_STRICT_OBJC_MSGSEND = YES;
				ENABLE_TESTABILITY = YES;
				GCC_C_LANGUAGE_STANDARD = gnu11;
				GCC_DYNAMIC_NO_PIC = NO;
				GCC_NO_COMMON_BLOCKS = YES;
				GCC_OPTIMIZATION_LEVEL = 0;
				GCC_PREPROCESSOR_DEFINITIONS = (
					"DEBUG=1",
					"$(inherited)",
				);
				GCC_WARN_64_TO_32_BIT_CONVERSION = YES;
				GCC_WARN_ABOUT_RETURN_TYPE = YES_ERROR;
				GCC_WARN_UNDECLARED_SELECTOR = YES;
				GCC_WARN_UNINITIALIZED_AUTOS = YES_AGGRESSIVE;
				GCC_WARN_UNUSED_FUNCTION = YES;
				GCC_WARN_UNUSED_VARIABLE = YES;
				IPHONEOS_DEPLOYMENT_TARGET = 15.2;
				MTL_ENABLE_DEBUG_INFO = INCLUDE_SOURCE;
				MTL_FAST_MATH = YES;
				ONLY_ACTIVE_ARCH = YES;
				SDKROOT = iphoneos;
				SWIFT_ACTIVE_COMPILATION_CONDITIONS = DEBUG;
				SWIFT_OPTIMIZATION_LEVEL = "-Onone";
			};
			name = Debug;
		};
		04097A3D27AAB0DA007085D7 /* Release */ = {
			isa = XCBuildConfiguration;
			buildSettings = {
				ALWAYS_SEARCH_USER_PATHS = NO;
				CLANG_ANALYZER_NONNULL = YES;
				CLANG_ANALYZER_NUMBER_OBJECT_CONVERSION = YES_AGGRESSIVE;
				CLANG_CXX_LANGUAGE_STANDARD = "gnu++17";
				CLANG_CXX_LIBRARY = "libc++";
				CLANG_ENABLE_MODULES = YES;
				CLANG_ENABLE_OBJC_ARC = YES;
				CLANG_ENABLE_OBJC_WEAK = YES;
				CLANG_WARN_BLOCK_CAPTURE_AUTORELEASING = YES;
				CLANG_WARN_BOOL_CONVERSION = YES;
				CLANG_WARN_COMMA = YES;
				CLANG_WARN_CONSTANT_CONVERSION = YES;
				CLANG_WARN_DEPRECATED_OBJC_IMPLEMENTATIONS = YES;
				CLANG_WARN_DIRECT_OBJC_ISA_USAGE = YES_ERROR;
				CLANG_WARN_DOCUMENTATION_COMMENTS = YES;
				CLANG_WARN_EMPTY_BODY = YES;
				CLANG_WARN_ENUM_CONVERSION = YES;
				CLANG_WARN_INFINITE_RECURSION = YES;
				CLANG_WARN_INT_CONVERSION = YES;
				CLANG_WARN_NON_LITERAL_NULL_CONVERSION = YES;
				CLANG_WARN_OBJC_IMPLICIT_RETAIN_SELF = YES;
				CLANG_WARN_OBJC_LITERAL_CONVERSION = YES;
				CLANG_WARN_OBJC_ROOT_CLASS = YES_ERROR;
				CLANG_WARN_QUOTED_INCLUDE_IN_FRAMEWORK_HEADER = YES;
				CLANG_WARN_RANGE_LOOP_ANALYSIS = YES;
				CLANG_WARN_STRICT_PROTOTYPES = YES;
				CLANG_WARN_SUSPICIOUS_MOVE = YES;
				CLANG_WARN_UNGUARDED_AVAILABILITY = YES_AGGRESSIVE;
				CLANG_WARN_UNREACHABLE_CODE = YES;
				CLANG_WARN__DUPLICATE_METHOD_MATCH = YES;
				COPY_PHASE_STRIP = NO;
				DEBUG_INFORMATION_FORMAT = "dwarf-with-dsym";
				ENABLE_NS_ASSERTIONS = NO;
				ENABLE_STRICT_OBJC_MSGSEND = YES;
				GCC_C_LANGUAGE_STANDARD = gnu11;
				GCC_NO_COMMON_BLOCKS = YES;
				GCC_WARN_64_TO_32_BIT_CONVERSION = YES;
				GCC_WARN_ABOUT_RETURN_TYPE = YES_ERROR;
				GCC_WARN_UNDECLARED_SELECTOR = YES;
				GCC_WARN_UNINITIALIZED_AUTOS = YES_AGGRESSIVE;
				GCC_WARN_UNUSED_FUNCTION = YES;
				GCC_WARN_UNUSED_VARIABLE = YES;
				IPHONEOS_DEPLOYMENT_TARGET = 15.2;
				MTL_ENABLE_DEBUG_INFO = NO;
				MTL_FAST_MATH = YES;
				SDKROOT = iphoneos;
				SWIFT_COMPILATION_MODE = wholemodule;
				SWIFT_OPTIMIZATION_LEVEL = "-O";
				VALIDATE_PRODUCT = YES;
			};
			name = Release;
		};
		04097A3F27AAB0DA007085D7 /* Debug */ = {
			isa = XCBuildConfiguration;
			buildSettings = {
				ASSETCATALOG_COMPILER_APPICON_NAME = AppIcon;
				ASSETCATALOG_COMPILER_GLOBAL_ACCENT_COLOR_NAME = AccentColor;
				CODE_SIGN_STYLE = Automatic;
				CURRENT_PROJECT_VERSION = 1;
				GENERATE_INFOPLIST_FILE = YES;
				INFOPLIST_FILE = pokedex/Info.plist;
				INFOPLIST_KEY_UIApplicationSupportsIndirectInputEvents = YES;
				INFOPLIST_KEY_UILaunchStoryboardName = LaunchScreen;
				INFOPLIST_KEY_UIMainStoryboardFile = Main;
				INFOPLIST_KEY_UISupportedInterfaceOrientations_iPad = "UIInterfaceOrientationPortrait UIInterfaceOrientationPortraitUpsideDown UIInterfaceOrientationLandscapeLeft UIInterfaceOrientationLandscapeRight";
				INFOPLIST_KEY_UISupportedInterfaceOrientations_iPhone = "UIInterfaceOrientationPortrait UIInterfaceOrientationLandscapeLeft UIInterfaceOrientationLandscapeRight";
				LD_RUNPATH_SEARCH_PATHS = (
					"$(inherited)",
					"@executable_path/Frameworks",
				);
				MARKETING_VERSION = 1.0;
				PRODUCT_BUNDLE_IDENTIFIER = com.nkem.pokedex;
				PRODUCT_NAME = "$(TARGET_NAME)";
				SWIFT_EMIT_LOC_STRINGS = YES;
				SWIFT_VERSION = 5.0;
				TARGETED_DEVICE_FAMILY = "1,2";
			};
			name = Debug;
		};
		04097A4027AAB0DA007085D7 /* Release */ = {
			isa = XCBuildConfiguration;
			buildSettings = {
				ASSETCATALOG_COMPILER_APPICON_NAME = AppIcon;
				ASSETCATALOG_COMPILER_GLOBAL_ACCENT_COLOR_NAME = AccentColor;
				CODE_SIGN_STYLE = Automatic;
				CURRENT_PROJECT_VERSION = 1;
				GENERATE_INFOPLIST_FILE = YES;
				INFOPLIST_FILE = pokedex/Info.plist;
				INFOPLIST_KEY_UIApplicationSupportsIndirectInputEvents = YES;
				INFOPLIST_KEY_UILaunchStoryboardName = LaunchScreen;
				INFOPLIST_KEY_UIMainStoryboardFile = Main;
				INFOPLIST_KEY_UISupportedInterfaceOrientations_iPad = "UIInterfaceOrientationPortrait UIInterfaceOrientationPortraitUpsideDown UIInterfaceOrientationLandscapeLeft UIInterfaceOrientationLandscapeRight";
				INFOPLIST_KEY_UISupportedInterfaceOrientations_iPhone = "UIInterfaceOrientationPortrait UIInterfaceOrientationLandscapeLeft UIInterfaceOrientationLandscapeRight";
				LD_RUNPATH_SEARCH_PATHS = (
					"$(inherited)",
					"@executable_path/Frameworks",
				);
				MARKETING_VERSION = 1.0;
				PRODUCT_BUNDLE_IDENTIFIER = com.nkem.pokedex;
				PRODUCT_NAME = "$(TARGET_NAME)";
				SWIFT_EMIT_LOC_STRINGS = YES;
				SWIFT_VERSION = 5.0;
				TARGETED_DEVICE_FAMILY = "1,2";
			};
			name = Release;
		};
		04097A4227AAB0DA007085D7 /* Debug */ = {
			isa = XCBuildConfiguration;
			buildSettings = {
				ALWAYS_EMBED_SWIFT_STANDARD_LIBRARIES = YES;
				BUNDLE_LOADER = "$(TEST_HOST)";
				CODE_SIGN_STYLE = Automatic;
				CURRENT_PROJECT_VERSION = 1;
				GENERATE_INFOPLIST_FILE = YES;
				IPHONEOS_DEPLOYMENT_TARGET = 15.2;
				MARKETING_VERSION = 1.0;
				PRODUCT_BUNDLE_IDENTIFIER = com.nkem.pokedexTests;
				PRODUCT_NAME = "$(TARGET_NAME)";
				SWIFT_EMIT_LOC_STRINGS = NO;
				SWIFT_VERSION = 5.0;
				TARGETED_DEVICE_FAMILY = "1,2";
				TEST_HOST = "$(BUILT_PRODUCTS_DIR)/pokedex.app/pokedex";
			};
			name = Debug;
		};
		04097A4327AAB0DA007085D7 /* Release */ = {
			isa = XCBuildConfiguration;
			buildSettings = {
				ALWAYS_EMBED_SWIFT_STANDARD_LIBRARIES = YES;
				BUNDLE_LOADER = "$(TEST_HOST)";
				CODE_SIGN_STYLE = Automatic;
				CURRENT_PROJECT_VERSION = 1;
				GENERATE_INFOPLIST_FILE = YES;
				IPHONEOS_DEPLOYMENT_TARGET = 15.2;
				MARKETING_VERSION = 1.0;
				PRODUCT_BUNDLE_IDENTIFIER = com.nkem.pokedexTests;
				PRODUCT_NAME = "$(TARGET_NAME)";
				SWIFT_EMIT_LOC_STRINGS = NO;
				SWIFT_VERSION = 5.0;
				TARGETED_DEVICE_FAMILY = "1,2";
				TEST_HOST = "$(BUILT_PRODUCTS_DIR)/pokedex.app/pokedex";
			};
			name = Release;
		};
		04097A4527AAB0DA007085D7 /* Debug */ = {
			isa = XCBuildConfiguration;
			buildSettings = {
				ALWAYS_EMBED_SWIFT_STANDARD_LIBRARIES = YES;
				CODE_SIGN_STYLE = Automatic;
				CURRENT_PROJECT_VERSION = 1;
				GENERATE_INFOPLIST_FILE = YES;
				MARKETING_VERSION = 1.0;
				PRODUCT_BUNDLE_IDENTIFIER = com.nkem.pokedexUITests;
				PRODUCT_NAME = "$(TARGET_NAME)";
				SWIFT_EMIT_LOC_STRINGS = NO;
				SWIFT_VERSION = 5.0;
				TARGETED_DEVICE_FAMILY = "1,2";
				TEST_TARGET_NAME = pokedex;
			};
			name = Debug;
		};
		04097A4627AAB0DA007085D7 /* Release */ = {
			isa = XCBuildConfiguration;
			buildSettings = {
				ALWAYS_EMBED_SWIFT_STANDARD_LIBRARIES = YES;
				CODE_SIGN_STYLE = Automatic;
				CURRENT_PROJECT_VERSION = 1;
				GENERATE_INFOPLIST_FILE = YES;
				MARKETING_VERSION = 1.0;
				PRODUCT_BUNDLE_IDENTIFIER = com.nkem.pokedexUITests;
				PRODUCT_NAME = "$(TARGET_NAME)";
				SWIFT_EMIT_LOC_STRINGS = NO;
				SWIFT_VERSION = 5.0;
				TARGETED_DEVICE_FAMILY = "1,2";
				TEST_TARGET_NAME = pokedex;
			};
			name = Release;
		};
/* End XCBuildConfiguration section */

/* Begin XCConfigurationList section */
		04097A0F27AAB0D6007085D7 /* Build configuration list for PBXProject "pokedex" */ = {
			isa = XCConfigurationList;
			buildConfigurations = (
				04097A3C27AAB0DA007085D7 /* Debug */,
				04097A3D27AAB0DA007085D7 /* Release */,
			);
			defaultConfigurationIsVisible = 0;
			defaultConfigurationName = Release;
		};
		04097A3E27AAB0DA007085D7 /* Build configuration list for PBXNativeTarget "pokedex" */ = {
			isa = XCConfigurationList;
			buildConfigurations = (
				04097A3F27AAB0DA007085D7 /* Debug */,
				04097A4027AAB0DA007085D7 /* Release */,
			);
			defaultConfigurationIsVisible = 0;
			defaultConfigurationName = Release;
		};
		04097A4127AAB0DA007085D7 /* Build configuration list for PBXNativeTarget "pokedexTests" */ = {
			isa = XCConfigurationList;
			buildConfigurations = (
				04097A4227AAB0DA007085D7 /* Debug */,
				04097A4327AAB0DA007085D7 /* Release */,
			);
			defaultConfigurationIsVisible = 0;
			defaultConfigurationName = Release;
		};
		04097A4427AAB0DA007085D7 /* Build configuration list for PBXNativeTarget "pokedexUITests" */ = {
			isa = XCConfigurationList;
			buildConfigurations = (
				04097A4527AAB0DA007085D7 /* Debug */,
				04097A4627AAB0DA007085D7 /* Release */,
			);
			defaultConfigurationIsVisible = 0;
			defaultConfigurationName = Release;
		};
/* End XCConfigurationList section */
	};
	rootObject = 04097A0C27AAB0D6007085D7 /* Project object */;
}
